# This file is automatically @generated by Cargo.
# It is not intended for manual editing.
version = 3

[[package]]
name = "cloyster"
version = "0.1.0"
dependencies = [
 "spin",
 "syscalls",
]

[[package]]
name = "spin"
version = "0.9.8"
source = "registry+https://github.com/rust-lang/crates.io-index"
checksum = "6980e8d7511241f8acf4aebddbb1ff938df5eebe98691418c4468d0b72a96a67"

[[package]]
name = "syscalls"
version = "0.6.18"
source = "registry+https://github.com/rust-lang/crates.io-index"
checksum = "43d0e35dc7d73976a53c7e6d7d177ef804a0c0ee774ec77bcc520c2216fd7cbe"
